
Microsoft Visual Studio Solution File, Format Version 12.00
# Visual Studio Version 16
VisualStudioVersion = 16.0.29025.244
MinimumVisualStudioVersion = 10.0.40219.1
Project("{FAE04EC0-301F-11D3-BF4B-00C04F79EFBC}") = "XamarinTut.Android", "XamarinTut\XamarinTut.Android\XamarinTut.Android.csproj", "{CFE0B57E-D714-4B10-BC26-19897A4FA83A}"
EndProject
Project("{FAE04EC0-301F-11D3-BF4B-00C04F79EFBC}") = "XamarinTut.iOS", "XamarinTut\XamarinTut.iOS\XamarinTut.iOS.csproj", "{C2131710-0227-416B-AA23-F525A2D11C5E}"
EndProject
Project("{FAE04EC0-301F-11D3-BF4B-00C04F79EFBC}") = "XamarinTut", "XamarinTut\XamarinTut\XamarinTut.csproj", "{EF822DF4-D051-4679-B6D1-03C30AB96A33}"
EndProject
Global
	GlobalSection(SolutionConfigurationPlatforms) = preSolution
		Debug|Any CPU = Debug|Any CPU
		Debug|iPhone = Debug|iPhone
		Debug|iPhoneSimulator = Debug|iPhoneSimulator
		Release|Any CPU = Release|Any CPU
		Release|iPhone = Release|iPhone
		Release|iPhoneSimulator = Release|iPhoneSimulator
	EndGlobalSection
	GlobalSection(ProjectConfigurationPlatforms) = postSolution
		{CFE0B57E-D714-4B10-BC26-19897A4FA83A}.Debug|Any CPU.ActiveCfg = Debug|Any CPU
		{CFE0B57E-D714-4B10-BC26-19897A4FA83A}.Debug|Any CPU.Build.0 = Debug|Any CPU
		{CFE0B57E-D714-4B10-BC26-19897A4FA83A}.Debug|Any CPU.Deploy.0 = Debug|Any CPU
		{CFE0B57E-D714-4B10-BC26-19897A4FA83A}.Debug|iPhone.ActiveCfg = Debug|Any CPU
		{CFE0B57E-D714-4B10-BC26-19897A4FA83A}.Debug|iPhone.Build.0 = Debug|Any CPU
		{CFE0B57E-D714-4B10-BC26-19897A4FA83A}.Debug|iPhone.Deploy.0 = Debug|Any CPU
		{CFE0B57E-D714-4B10-BC26-19897A4FA83A}.Debug|iPhoneSimulator.ActiveCfg = Debug|Any CPU
		{CFE0B57E-D714-4B10-BC26-19897A4FA83A}.Debug|iPhoneSimulator.Build.0 = Debug|Any CPU
		{CFE0B57E-D714-4B10-BC26-19897A4FA83A}.Debug|iPhoneSimulator.Deploy.0 = Debug|Any CPU
		{CFE0B57E-D714-4B10-BC26-19897A4FA83A}.Release|Any CPU.ActiveCfg = Release|Any CPU
		{CFE0B57E-D714-4B10-BC26-19897A4FA83A}.Release|Any CPU.Build.0 = Release|Any CPU
		{CFE0B57E-D714-4B10-BC26-19897A4FA83A}.Release|Any CPU.Deploy.0 = Release|Any CPU
		{CFE0B57E-D714-4B10-BC26-19897A4FA83A}.Release|iPhone.ActiveCfg = Release|Any CPU
		{CFE0B57E-D714-4B10-BC26-19897A4FA83A}.Release|iPhone.Build.0 = Release|Any CPU
		{CFE0B57E-D714-4B10-BC26-19897A4FA83A}.Release|iPhone.Deploy.0 = Release|Any CPU
		{CFE0B57E-D714-4B10-BC26-19897A4FA83A}.Release|iPhoneSimulator.ActiveCfg = Release|Any CPU
		{CFE0B57E-D714-4B10-BC26-19897A4FA83A}.Release|iPhoneSimulator.Build.0 = Release|Any CPU
		{CFE0B57E-D714-4B10-BC26-19897A4FA83A}.Release|iPhoneSimulator.Deploy.0 = Release|Any CPU
		{C2131710-0227-416B-AA23-F525A2D11C5E}.Debug|Any CPU.ActiveCfg = Debug|iPhoneSimulator
		{C2131710-0227-416B-AA23-F525A2D11C5E}.Debug|Any CPU.Build.0 = Debug|iPhoneSimulator
		{C2131710-0227-416B-AA23-F525A2D11C5E}.Debug|Any CPU.Deploy.0 = Debug|iPhoneSimulator
		{C2131710-0227-416B-AA23-F525A2D11C5E}.Debug|iPhone.ActiveCfg = Debug|iPhone
		{C2131710-0227-416B-AA23-F525A2D11C5E}.Debug|iPhone.Build.0 = Debug|iPhone
		{C2131710-0227-416B-AA23-F525A2D11C5E}.Debug|iPhone.Deploy.0 = Debug|iPhone
		{C2131710-0227-416B-AA23-F525A2D11C5E}.Debug|iPhoneSimulator.ActiveCfg = Debug|iPhoneSimulator
		{C2131710-0227-416B-AA23-F525A2D11C5E}.Debug|iPhoneSimulator.Build.0 = Debug|iPhoneSimulator
		{C2131710-0227-416B-AA23-F525A2D11C5E}.Debug|iPhoneSimulator.Deploy.0 = Debug|iPhoneSimulator
		{C2131710-0227-416B-AA23-F525A2D11C5E}.Release|Any CPU.ActiveCfg = Release|iPhone
		{C2131710-0227-416B-AA23-F525A2D11C5E}.Release|Any CPU.Build.0 = Release|iPhone
		{C2131710-0227-416B-AA23-F525A2D11C5E}.Release|Any CPU.Deploy.0 = Release|iPhone
		{C2131710-0227-416B-AA23-F525A2D11C5E}.Release|iPhone.ActiveCfg = Release|iPhone
		{C2131710-0227-416B-AA23-F525A2D11C5E}.Release|iPhone.Build.0 = Release|iPhone
		{C2131710-0227-416B-AA23-F525A2D11C5E}.Release|iPhone.Deploy.0 = Release|iPhone
		{C2131710-0227-416B-AA23-F525A2D11C5E}.Release|iPhoneSimulator.ActiveCfg = Release|iPhoneSimulator
		{C2131710-0227-416B-AA23-F525A2D11C5E}.Release|iPhoneSimulator.Build.0 = Release|iPhoneSimulator
		{C2131710-0227-416B-AA23-F525A2D11C5E}.Release|iPhoneSimulator.Deploy.0 = Release|iPhoneSimulator
		{EF822DF4-D051-4679-B6D1-03C30AB96A33}.Debug|Any CPU.ActiveCfg = Debug|Any CPU
		{EF822DF4-D051-4679-B6D1-03C30AB96A33}.Debug|Any CPU.Build.0 = Debug|Any CPU
		{EF822DF4-D051-4679-B6D1-03C30AB96A33}.Debug|Any CPU.Deploy.0 = Debug|Any CPU
		{EF822DF4-D051-4679-B6D1-03C30AB96A33}.Debug|iPhone.ActiveCfg = Debug|Any CPU
		{EF822DF4-D051-4679-B6D1-03C30AB96A33}.Debug|iPhone.Build.0 = Debug|Any CPU
		{EF822DF4-D051-4679-B6D1-03C30AB96A33}.Debug|iPhone.Deploy.0 = Debug|Any CPU
		{EF822DF4-D051-4679-B6D1-03C30AB96A33}.Debug|iPhoneSimulator.ActiveCfg = Debug|Any CPU
		{EF822DF4-D051-4679-B6D1-03C30AB96A33}.Debug|iPhoneSimulator.Build.0 = Debug|Any CPU
		{EF822DF4-D051-4679-B6D1-03C30AB96A33}.Debug|iPhoneSimulator.Deploy.0 = Debug|Any CPU
		{EF822DF4-D051-4679-B6D1-03C30AB96A33}.Release|Any CPU.ActiveCfg = Release|Any CPU
		{EF822DF4-D051-4679-B6D1-03C30AB96A33}.Release|Any CPU.Build.0 = Release|Any CPU
		{EF822DF4-D051-4679-B6D1-03C30AB96A33}.Release|Any CPU.Deploy.0 = Release|Any CPU
		{EF822DF4-D051-4679-B6D1-03C30AB96A33}.Release|iPhone.ActiveCfg = Release|Any CPU
		{EF822DF4-D051-4679-B6D1-03C30AB96A33}.Release|iPhone.Build.0 = Release|Any CPU
		{EF822DF4-D051-4679-B6D1-03C30AB96A33}.Release|iPhone.Deploy.0 = Release|Any CPU
		{EF822DF4-D051-4679-B6D1-03C30AB96A33}.Release|iPhoneSimulator.ActiveCfg = Release|Any CPU
		{EF822DF4-D051-4679-B6D1-03C30AB96A33}.Release|iPhoneSimulator.Build.0 = Release|Any CPU
		{EF822DF4-D051-4679-B6D1-03C30AB96A33}.Release|iPhoneSimulator.Deploy.0 = Release|Any CPU
	EndGlobalSection
	GlobalSection(SolutionProperties) = preSolution
		HideSolutionNode = FALSE
	EndGlobalSection
	GlobalSection(ExtensibilityGlobals) = postSolution
		SolutionGuid = {400420F1-587E-4A81-B778-9A9039171DCB}
	EndGlobalSection
EndGlobal
